
Microsoft Visual Studio Solution File, Format Version 12.00
# Visual Studio Version 16
VisualStudioVersion = 16.0.31025.194
MinimumVisualStudioVersion = 10.0.40219.1
Project("{8BC9CEB8-8B4A-11D0-8D11-00A0C91BC942}") = "rectangle", "rectangle\rectangle.vcxproj", "{F6B4E6C0-F983-41A2-B1F4-C20B50DFFD6D}"
EndProject
Global
	GlobalSection(SolutionConfigurationPlatforms) = preSolution
		Debug|x64 = Debug|x64
		Debug|x86 = Debug|x86
		Release|x64 = Release|x64
		Release|x86 = Release|x86
	EndGlobalSection
	GlobalSection(ProjectConfigurationPlatforms) = postSolution
		{F6B4E6C0-F983-41A2-B1F4-C20B50DFFD6D}.Debug|x64.ActiveCfg = Debug|x64
		{F6B4E6C0-F983-41A2-B1F4-C20B50DFFD6D}.Debug|x64.Build.0 = Debug|x64
		{F6B4E6C0-F983-41A2-B1F4-C20B50DFFD6D}.Debug|x86.ActiveCfg = Debug|Win32
		{F6B4E6C0-F983-41A2-B1F4-C20B50DFFD6D}.Debug|x86.Build.0 = Debug|Win32
		{F6B4E6C0-F983-41A2-B1F4-C20B50DFFD6D}.Release|x64.ActiveCfg = Release|x64
		{F6B4E6C0-F983-41A2-B1F4-C20B50DFFD6D}.Release|x64.Build.0 = Release|x64
		{F6B4E6C0-F983-41A2-B1F4-C20B50DFFD6D}.Release|x86.ActiveCfg = Release|Win32
		{F6B4E6C0-F983-41A2-B1F4-C20B50DFFD6D}.Release|x86.Build.0 = Release|Win32
	EndGlobalSection
	GlobalSection(SolutionProperties) = preSolution
		HideSolutionNode = FALSE
	EndGlobalSection
	GlobalSection(ExtensibilityGlobals) = postSolution
		SolutionGuid = {C8332432-572F-4D10-A1F4-82B46BBAD3DC}
	EndGlobalSection
EndGlobal
