
Microsoft Visual Studio Solution File, Format Version 12.00
# Visual Studio Version 17
VisualStudioVersion = 17.1.32319.34
MinimumVisualStudioVersion = 10.0.40219.1
Project("{8BC9CEB8-8B4A-11D0-8D11-00A0C91BC942}") = "project 4", "project 4\project 4.vcxproj", "{E398421D-6D62-43FF-B838-47BE02434320}"
EndProject
Global
	GlobalSection(SolutionConfigurationPlatforms) = preSolution
		Debug|x64 = Debug|x64
		Debug|x86 = Debug|x86
		Release|x64 = Release|x64
		Release|x86 = Release|x86
	EndGlobalSection
	GlobalSection(ProjectConfigurationPlatforms) = postSolution
		{E398421D-6D62-43FF-B838-47BE02434320}.Debug|x64.ActiveCfg = Debug|x64
		{E398421D-6D62-43FF-B838-47BE02434320}.Debug|x64.Build.0 = Debug|x64
		{E398421D-6D62-43FF-B838-47BE02434320}.Debug|x86.ActiveCfg = Debug|Win32
		{E398421D-6D62-43FF-B838-47BE02434320}.Debug|x86.Build.0 = Debug|Win32
		{E398421D-6D62-43FF-B838-47BE02434320}.Release|x64.ActiveCfg = Release|x64
		{E398421D-6D62-43FF-B838-47BE02434320}.Release|x64.Build.0 = Release|x64
		{E398421D-6D62-43FF-B838-47BE02434320}.Release|x86.ActiveCfg = Release|Win32
		{E398421D-6D62-43FF-B838-47BE02434320}.Release|x86.Build.0 = Release|Win32
	EndGlobalSection
	GlobalSection(SolutionProperties) = preSolution
		HideSolutionNode = FALSE
	EndGlobalSection
	GlobalSection(ExtensibilityGlobals) = postSolution
		SolutionGuid = {AFCF51D4-ADC1-4D8E-8DD1-C96A982A3600}
	EndGlobalSection
EndGlobal
